// !$*UTF8*$!
{
	archiveVersion = 1;
	classes = {
	};
	objectVersion = 55;
	objects = {

/* Begin PBXBuildFile section */
		184426B2299247070034EE02 /* AppDelegate.swift in Sources */ = {isa = PBXBuildFile; fileRef = 184426B1299247070034EE02 /* AppDelegate.swift */; };
		184426B4299247070034EE02 /* SceneDelegate.swift in Sources */ = {isa = PBXBuildFile; fileRef = 184426B3299247070034EE02 /* SceneDelegate.swift */; };
		184426B6299247070034EE02 /* ViewController.swift in Sources */ = {isa = PBXBuildFile; fileRef = 184426B5299247070034EE02 /* ViewController.swift */; };
		184426B9299247070034EE02 /* Main.storyboard in Resources */ = {isa = PBXBuildFile; fileRef = 184426B7299247070034EE02 /* Main.storyboard */; };
		184426BB2992470C0034EE02 /* Assets.xcassets in Resources */ = {isa = PBXBuildFile; fileRef = 184426BA2992470C0034EE02 /* Assets.xcassets */; };
		184426BE2992470C0034EE02 /* LaunchScreen.storyboard in Resources */ = {isa = PBXBuildFile; fileRef = 184426BC2992470C0034EE02 /* LaunchScreen.storyboard */; };
		184426C92992470D0034EE02 /* BasicUIdemoBTNTXTTests.swift in Sources */ = {isa = PBXBuildFile; fileRef = 184426C82992470D0034EE02 /* BasicUIdemoBTNTXTTests.swift */; };
		184426D32992470D0034EE02 /* BasicUIdemoBTNTXTUITests.swift in Sources */ = {isa = PBXBuildFile; fileRef = 184426D22992470D0034EE02 /* BasicUIdemoBTNTXTUITests.swift */; };
		184426D52992470D0034EE02 /* BasicUIdemoBTNTXTUITestsLaunchTests.swift in Sources */ = {isa = PBXBuildFile; fileRef = 184426D42992470D0034EE02 /* BasicUIdemoBTNTXTUITestsLaunchTests.swift */; };
/* End PBXBuildFile section */

/* Begin PBXContainerItemProxy section */
		184426C52992470D0034EE02 /* PBXContainerItemProxy */ = {
			isa = PBXContainerItemProxy;
			containerPortal = 184426A6299247070034EE02 /* Project object */;
			proxyType = 1;
			remoteGlobalIDString = 184426AD299247070034EE02;
			remoteInfo = BasicUIdemoBTNTXT;
		};
		184426CF2992470D0034EE02 /* PBXContainerItemProxy */ = {
			isa = PBXContainerItemProxy;
			containerPortal = 184426A6299247070034EE02 /* Project object */;
			proxyType = 1;
			remoteGlobalIDString = 184426AD299247070034EE02;
			remoteInfo = BasicUIdemoBTNTXT;
		};
/* End PBXContainerItemProxy section */

/* Begin PBXFileReference section */
		184426AE299247070034EE02 /* BasicUIdemoBTNTXT.app */ = {isa = PBXFileReference; explicitFileType = wrapper.application; includeInIndex = 0; path = BasicUIdemoBTNTXT.app; sourceTree = BUILT_PRODUCTS_DIR; };
		184426B1299247070034EE02 /* AppDelegate.swift */ = {isa = PBXFileReference; lastKnownFileType = sourcecode.swift; path = AppDelegate.swift; sourceTree = "<group>"; };
		184426B3299247070034EE02 /* SceneDelegate.swift */ = {isa = PBXFileReference; lastKnownFileType = sourcecode.swift; path = SceneDelegate.swift; sourceTree = "<group>"; };
		184426B5299247070034EE02 /* ViewController.swift */ = {isa = PBXFileReference; lastKnownFileType = sourcecode.swift; path = ViewController.swift; sourceTree = "<group>"; };
		184426B8299247070034EE02 /* Base */ = {isa = PBXFileReference; lastKnownFileType = file.storyboard; name = Base; path = Base.lproj/Main.storyboard; sourceTree = "<group>"; };
		184426BA2992470C0034EE02 /* Assets.xcassets */ = {isa = PBXFileReference; lastKnownFileType = folder.assetcatalog; path = Assets.xcassets; sourceTree = "<group>"; };
		184426BD2992470C0034EE02 /* Base */ = {isa = PBXFileReference; lastKnownFileType = file.storyboard; name = Base; path = Base.lproj/LaunchScreen.storyboard; sourceTree = "<group>"; };
		184426BF2992470C0034EE02 /* Info.plist */ = {isa = PBXFileReference; lastKnownFileType = text.plist.xml; path = Info.plist; sourceTree = "<group>"; };
		184426C42992470D0034EE02 /* BasicUIdemoBTNTXTTests.xctest */ = {isa = PBXFileReference; explicitFileType = wrapper.cfbundle; includeInIndex = 0; path = BasicUIdemoBTNTXTTests.xctest; sourceTree = BUILT_PRODUCTS_DIR; };
		184426C82992470D0034EE02 /* BasicUIdemoBTNTXTTests.swift */ = {isa = PBXFileReference; lastKnownFileType = sourcecode.swift; path = BasicUIdemoBTNTXTTests.swift; sourceTree = "<group>"; };
		184426CE2992470D0034EE02 /* BasicUIdemoBTNTXTUITests.xctest */ = {isa = PBXFileReference; explicitFileType = wrapper.cfbundle; includeInIndex = 0; path = BasicUIdemoBTNTXTUITests.xctest; sourceTree = BUILT_PRODUCTS_DIR; };
		184426D22992470D0034EE02 /* BasicUIdemoBTNTXTUITests.swift */ = {isa = PBXFileReference; lastKnownFileType = sourcecode.swift; path = BasicUIdemoBTNTXTUITests.swift; sourceTree = "<group>"; };
		184426D42992470D0034EE02 /* BasicUIdemoBTNTXTUITestsLaunchTests.swift */ = {isa = PBXFileReference; lastKnownFileType = sourcecode.swift; path = BasicUIdemoBTNTXTUITestsLaunchTests.swift; sourceTree = "<group>"; };
/* End PBXFileReference section */

/* Begin PBXFrameworksBuildPhase section */
		184426AB299247070034EE02 /* Frameworks */ = {
			isa = PBXFrameworksBuildPhase;
			buildActionMask = 2147483647;
			files = (
			);
			runOnlyForDeploymentPostprocessing = 0;
		};
		184426C12992470D0034EE02 /* Frameworks */ = {
			isa = PBXFrameworksBuildPhase;
			buildActionMask = 2147483647;
			files = (
			);
			runOnlyForDeploymentPostprocessing = 0;
		};
		184426CB2992470D0034EE02 /* Frameworks */ = {
			isa = PBXFrameworksBuildPhase;
			buildActionMask = 2147483647;
			files = (
			);
			runOnlyForDeploymentPostprocessing = 0;
		};
/* End PBXFrameworksBuildPhase section */

/* Begin PBXGroup section */
		184426A5299247070034EE02 = {
			isa = PBXGroup;
			children = (
				184426B0299247070034EE02 /* BasicUIdemoBTNTXT */,
				184426C72992470D0034EE02 /* BasicUIdemoBTNTXTTests */,
				184426D12992470D0034EE02 /* BasicUIdemoBTNTXTUITests */,
				184426AF299247070034EE02 /* Products */,
			);
			sourceTree = "<group>";
		};
		184426AF299247070034EE02 /* Products */ = {
			isa = PBXGroup;
			children = (
				184426AE299247070034EE02 /* BasicUIdemoBTNTXT.app */,
				184426C42992470D0034EE02 /* BasicUIdemoBTNTXTTests.xctest */,
				184426CE2992470D0034EE02 /* BasicUIdemoBTNTXTUITests.xctest */,
			);
			name = Products;
			sourceTree = "<group>";
		};
		184426B0299247070034EE02 /* BasicUIdemoBTNTXT */ = {
			isa = PBXGroup;
			children = (
				184426B1299247070034EE02 /* AppDelegate.swift */,
				184426B3299247070034EE02 /* SceneDelegate.swift */,
				184426B5299247070034EE02 /* ViewController.swift */,
				184426B7299247070034EE02 /* Main.storyboard */,
				184426BA2992470C0034EE02 /* Assets.xcassets */,
				184426BC2992470C0034EE02 /* LaunchScreen.storyboard */,
				184426BF2992470C0034EE02 /* Info.plist */,
			);
			path = BasicUIdemoBTNTXT;
			sourceTree = "<group>";
		};
		184426C72992470D0034EE02 /* BasicUIdemoBTNTXTTests */ = {
			isa = PBXGroup;
			children = (
				184426C82992470D0034EE02 /* BasicUIdemoBTNTXTTests.swift */,
			);
			path = BasicUIdemoBTNTXTTests;
			sourceTree = "<group>";
		};
		184426D12992470D0034EE02 /* BasicUIdemoBTNTXTUITests */ = {
			isa = PBXGroup;
			children = (
				184426D22992470D0034EE02 /* BasicUIdemoBTNTXTUITests.swift */,
				184426D42992470D0034EE02 /* BasicUIdemoBTNTXTUITestsLaunchTests.swift */,
			);
			path = BasicUIdemoBTNTXTUITests;
			sourceTree = "<group>";
		};
/* End PBXGroup section */

/* Begin PBXNativeTarget section */
		184426AD299247070034EE02 /* BasicUIdemoBTNTXT */ = {
			isa = PBXNativeTarget;
			buildConfigurationList = 184426D82992470D0034EE02 /* Build configuration list for PBXNativeTarget "BasicUIdemoBTNTXT" */;
			buildPhases = (
				184426AA299247070034EE02 /* Sources */,
				184426AB299247070034EE02 /* Frameworks */,
				184426AC299247070034EE02 /* Resources */,
			);
			buildRules = (
			);
			dependencies = (
			);
			name = BasicUIdemoBTNTXT;
			productName = BasicUIdemoBTNTXT;
			productReference = 184426AE299247070034EE02 /* BasicUIdemoBTNTXT.app */;
			productType = "com.apple.product-type.application";
		};
		184426C32992470D0034EE02 /* BasicUIdemoBTNTXTTests */ = {
			isa = PBXNativeTarget;
			buildConfigurationList = 184426DB2992470D0034EE02 /* Build configuration list for PBXNativeTarget "BasicUIdemoBTNTXTTests" */;
			buildPhases = (
				184426C02992470D0034EE02 /* Sources */,
				184426C12992470D0034EE02 /* Frameworks */,
				184426C22992470D0034EE02 /* Resources */,
			);
			buildRules = (
			);
			dependencies = (
				184426C62992470D0034EE02 /* PBXTargetDependency */,
			);
			name = BasicUIdemoBTNTXTTests;
			productName = BasicUIdemoBTNTXTTests;
			productReference = 184426C42992470D0034EE02 /* BasicUIdemoBTNTXTTests.xctest */;
			productType = "com.apple.product-type.bundle.unit-test";
		};
		184426CD2992470D0034EE02 /* BasicUIdemoBTNTXTUITests */ = {
			isa = PBXNativeTarget;
			buildConfigurationList = 184426DE2992470D0034EE02 /* Build configuration list for PBXNativeTarget "BasicUIdemoBTNTXTUITests" */;
			buildPhases = (
				184426CA2992470D0034EE02 /* Sources */,
				184426CB2992470D0034EE02 /* Frameworks */,
				184426CC2992470D0034EE02 /* Resources */,
			);
			buildRules = (
			);
			dependencies = (
				184426D02992470D0034EE02 /* PBXTargetDependency */,
			);
			name = BasicUIdemoBTNTXTUITests;
			productName = BasicUIdemoBTNTXTUITests;
			productReference = 184426CE2992470D0034EE02 /* BasicUIdemoBTNTXTUITests.xctest */;
			productType = "com.apple.product-type.bundle.ui-testing";
		};
/* End PBXNativeTarget section */

/* Begin PBXProject section */
		184426A6299247070034EE02 /* Project object */ = {
			isa = PBXProject;
			attributes = {
				BuildIndependentTargetsInParallel = 1;
				LastSwiftUpdateCheck = 1330;
				LastUpgradeCheck = 1330;
				TargetAttributes = {
					184426AD299247070034EE02 = {
						CreatedOnToolsVersion = 13.3.1;
					};
					184426C32992470D0034EE02 = {
						CreatedOnToolsVersion = 13.3.1;
						TestTargetID = 184426AD299247070034EE02;
					};
					184426CD2992470D0034EE02 = {
						CreatedOnToolsVersion = 13.3.1;
						TestTargetID = 184426AD299247070034EE02;
					};
				};
			};
			buildConfigurationList = 184426A9299247070034EE02 /* Build configuration list for PBXProject "BasicUIdemoBTNTXT" */;
			compatibilityVersion = "Xcode 13.0";
			developmentRegion = en;
			hasScannedForEncodings = 0;
			knownRegions = (
				en,
				Base,
			);
			mainGroup = 184426A5299247070034EE02;
			productRefGroup = 184426AF299247070034EE02 /* Products */;
			projectDirPath = "";
			projectRoot = "";
			targets = (
				184426AD299247070034EE02 /* BasicUIdemoBTNTXT */,
				184426C32992470D0034EE02 /* BasicUIdemoBTNTXTTests */,
				184426CD2992470D0034EE02 /* BasicUIdemoBTNTXTUITests */,
			);
		};
/* End PBXProject section */

/* Begin PBXResourcesBuildPhase section */
		184426AC299247070034EE02 /* Resources */ = {
			isa = PBXResourcesBuildPhase;
			buildActionMask = 2147483647;
			files = (
				184426BE2992470C0034EE02 /* LaunchScreen.storyboard in Resources */,
				184426BB2992470C0034EE02 /* Assets.xcassets in Resources */,
				184426B9299247070034EE02 /* Main.storyboard in Resources */,
			);
			runOnlyForDeploymentPostprocessing = 0;
		};
		184426C22992470D0034EE02 /* Resources */ = {
			isa = PBXResourcesBuildPhase;
			buildActionMask = 2147483647;
			files = (
			);
			runOnlyForDeploymentPostprocessing = 0;
		};
		184426CC2992470D0034EE02 /* Resources */ = {
			isa = PBXResourcesBuildPhase;
			buildActionMask = 2147483647;
			files = (
			);
			runOnlyForDeploymentPostprocessing = 0;
		};
/* End PBXResourcesBuildPhase section */

/* Begin PBXSourcesBuildPhase section */
		184426AA299247070034EE02 /* Sources */ = {
			isa = PBXSourcesBuildPhase;
			buildActionMask = 2147483647;
			files = (
				184426B6299247070034EE02 /* ViewController.swift in Sources */,
				184426B2299247070034EE02 /* AppDelegate.swift in Sources */,
				184426B4299247070034EE02 /* SceneDelegate.swift in Sources */,
			);
			runOnlyForDeploymentPostprocessing = 0;
		};
		184426C02992470D0034EE02 /* Sources */ = {
			isa = PBXSourcesBuildPhase;
			buildActionMask = 2147483647;
			files = (
				184426C92992470D0034EE02 /* BasicUIdemoBTNTXTTests.swift in Sources */,
			);
			runOnlyForDeploymentPostprocessing = 0;
		};
		184426CA2992470D0034EE02 /* Sources */ = {
			isa = PBXSourcesBuildPhase;
			buildActionMask = 2147483647;
			files = (
				184426D52992470D0034EE02 /* BasicUIdemoBTNTXTUITestsLaunchTests.swift in Sources */,
				184426D32992470D0034EE02 /* BasicUIdemoBTNTXTUITests.swift in Sources */,
			);
			runOnlyForDeploymentPostprocessing = 0;
		};
/* End PBXSourcesBuildPhase section */

/* Begin PBXTargetDependency section */
		184426C62992470D0034EE02 /* PBXTargetDependency */ = {
			isa = PBXTargetDependency;
			target = 184426AD299247070034EE02 /* BasicUIdemoBTNTXT */;
			targetProxy = 184426C52992470D0034EE02 /* PBXContainerItemProxy */;
		};
		184426D02992470D0034EE02 /* PBXTargetDependency */ = {
			isa = PBXTargetDependency;
			target = 184426AD299247070034EE02 /* BasicUIdemoBTNTXT */;
			targetProxy = 184426CF2992470D0034EE02 /* PBXContainerItemProxy */;
		};
/* End PBXTargetDependency section */

/* Begin PBXVariantGroup section */
		184426B7299247070034EE02 /* Main.storyboard */ = {
			isa = PBXVariantGroup;
			children = (
				184426B8299247070034EE02 /* Base */,
			);
			name = Main.storyboard;
			sourceTree = "<group>";
		};
		184426BC2992470C0034EE02 /* LaunchScreen.storyboard */ = {
			isa = PBXVariantGroup;
			children = (
				184426BD2992470C0034EE02 /* Base */,
			);
			name = LaunchScreen.storyboard;
			sourceTree = "<group>";
		};
/* End PBXVariantGroup section */

/* Begin XCBuildConfiguration section */
		184426D62992470D0034EE02 /* Debug */ = {
			isa = XCBuildConfiguration;
			buildSettings = {
				ALWAYS_SEARCH_USER_PATHS = NO;
				CLANG_ANALYZER_NONNULL = YES;
				CLANG_ANALYZER_NUMBER_OBJECT_CONVERSION = YES_AGGRESSIVE;
				CLANG_CXX_LANGUAGE_STANDARD = "gnu++17";
				CLANG_ENABLE_MODULES = YES;
				CLANG_ENABLE_OBJC_ARC = YES;
				CLANG_ENABLE_OBJC_WEAK = YES;
				CLANG_WARN_BLOCK_CAPTURE_AUTORELEASING = YES;
				CLANG_WARN_BOOL_CONVERSION = YES;
				CLANG_WARN_COMMA = YES;
				CLANG_WARN_CONSTANT_CONVERSION = YES;
				CLANG_WARN_DEPRECATED_OBJC_IMPLEMENTATIONS = YES;
				CLANG_WARN_DIRECT_OBJC_ISA_USAGE = YES_ERROR;
				CLANG_WARN_DOCUMENTATION_COMMENTS = YES;
				CLANG_WARN_EMPTY_BODY = YES;
				CLANG_WARN_ENUM_CONVERSION = YES;
				CLANG_WARN_INFINITE_RECURSION = YES;
				CLANG_WARN_INT_CONVERSION = YES;
				CLANG_WARN_NON_LITERAL_NULL_CONVERSION = YES;
				CLANG_WARN_OBJC_IMPLICIT_RETAIN_SELF = YES;
				CLANG_WARN_OBJC_LITERAL_CONVERSION = YES;
				CLANG_WARN_OBJC_ROOT_CLASS = YES_ERROR;
				CLANG_WARN_QUOTED_INCLUDE_IN_FRAMEWORK_HEADER = YES;
				CLANG_WARN_RANGE_LOOP_ANALYSIS = YES;
				CLANG_WARN_STRICT_PROTOTYPES = YES;
				CLANG_WARN_SUSPICIOUS_MOVE = YES;
				CLANG_WARN_UNGUARDED_AVAILABILITY = YES_AGGRESSIVE;
				CLANG_WARN_UNREACHABLE_CODE = YES;
				CLANG_WARN__DUPLICATE_METHOD_MATCH = YES;
				COPY_PHASE_STRIP = NO;
				DEBUG_INFORMATION_FORMAT = dwarf;
				ENABLE_STRICT_OBJC_MSGSEND = YES;
				ENABLE_TESTABILITY = YES;
				GCC_C_LANGUAGE_STANDARD = gnu11;
				GCC_DYNAMIC_NO_PIC = NO;
				GCC_NO_COMMON_BLOCKS = YES;
				GCC_OPTIMIZATION_LEVEL = 0;
				GCC_PREPROCESSOR_DEFINITIONS = (
					"DEBUG=1",
					"$(inherited)",
				);
				GCC_WARN_64_TO_32_BIT_CONVERSION = YES;
				GCC_WARN_ABOUT_RETURN_TYPE = YES_ERROR;
				GCC_WARN_UNDECLARED_SELECTOR = YES;
				GCC_WARN_UNINITIALIZED_AUTOS = YES_AGGRESSIVE;
				GCC_WARN_UNUSED_FUNCTION = YES;
				GCC_WARN_UNUSED_VARIABLE = YES;
				IPHONEOS_DEPLOYMENT_TARGET = 15.4;
				MTL_ENABLE_DEBUG_INFO = INCLUDE_SOURCE;
				MTL_FAST_MATH = YES;
				ONLY_ACTIVE_ARCH = YES;
				SDKROOT = iphoneos;
				SWIFT_ACTIVE_COMPILATION_CONDITIONS = DEBUG;
				SWIFT_OPTIMIZATION_LEVEL = "-Onone";
			};
			name = Debug;
		};
		184426D72992470D0034EE02 /* Release */ = {
			isa = XCBuildConfiguration;
			buildSettings = {
				ALWAYS_SEARCH_USER_PATHS = NO;
				CLANG_ANALYZER_NONNULL = YES;
				CLANG_ANALYZER_NUMBER_OBJECT_CONVERSION = YES_AGGRESSIVE;
				CLANG_CXX_LANGUAGE_STANDARD = "gnu++17";
				CLANG_ENABLE_MODULES = YES;
				CLANG_ENABLE_OBJC_ARC = YES;
				CLANG_ENABLE_OBJC_WEAK = YES;
				CLANG_WARN_BLOCK_CAPTURE_AUTORELEASING = YES;
				CLANG_WARN_BOOL_CONVERSION = YES;
				CLANG_WARN_COMMA = YES;
				CLANG_WARN_CONSTANT_CONVERSION = YES;
				CLANG_WARN_DEPRECATED_OBJC_IMPLEMENTATIONS = YES;
				CLANG_WARN_DIRECT_OBJC_ISA_USAGE = YES_ERROR;
				CLANG_WARN_DOCUMENTATION_COMMENTS = YES;
				CLANG_WARN_EMPTY_BODY = YES;
				CLANG_WARN_ENUM_CONVERSION = YES;
				CLANG_WARN_INFINITE_RECURSION = YES;
				CLANG_WARN_INT_CONVERSION = YES;
				CLANG_WARN_NON_LITERAL_NULL_CONVERSION = YES;
				CLANG_WARN_OBJC_IMPLICIT_RETAIN_SELF = YES;
				CLANG_WARN_OBJC_LITERAL_CONVERSION = YES;
				CLANG_WARN_OBJC_ROOT_CLASS = YES_ERROR;
				CLANG_WARN_QUOTED_INCLUDE_IN_FRAMEWORK_HEADER = YES;
				CLANG_WARN_RANGE_LOOP_ANALYSIS = YES;
				CLANG_WARN_STRICT_PROTOTYPES = YES;
				CLANG_WARN_SUSPICIOUS_MOVE = YES;
				CLANG_WARN_UNGUARDED_AVAILABILITY = YES_AGGRESSIVE;
				CLANG_WARN_UNREACHABLE_CODE = YES;
				CLANG_WARN__DUPLICATE_METHOD_MATCH = YES;
				COPY_PHASE_STRIP = NO;
				DEBUG_INFORMATION_FORMAT = "dwarf-with-dsym";
				ENABLE_NS_ASSERTIONS = NO;
				ENABLE_STRICT_OBJC_MSGSEND = YES;
				GCC_C_LANGUAGE_STANDARD = gnu11;
				GCC_NO_COMMON_BLOCKS = YES;
				GCC_WARN_64_TO_32_BIT_CONVERSION = YES;
				GCC_WARN_ABOUT_RETURN_TYPE = YES_ERROR;
				GCC_WARN_UNDECLARED_SELECTOR = YES;
				GCC_WARN_UNINITIALIZED_AUTOS = YES_AGGRESSIVE;
				GCC_WARN_UNUSED_FUNCTION = YES;
				GCC_WARN_UNUSED_VARIABLE = YES;
				IPHONEOS_DEPLOYMENT_TARGET = 15.4;
				MTL_ENABLE_DEBUG_INFO = NO;
				MTL_FAST_MATH = YES;
				SDKROOT = iphoneos;
				SWIFT_COMPILATION_MODE = wholemodule;
				SWIFT_OPTIMIZATION_LEVEL = "-O";
				VALIDATE_PRODUCT = YES;
			};
			name = Release;
		};
		184426D92992470D0034EE02 /* Debug */ = {
			isa = XCBuildConfiguration;
			buildSettings = {
				ASSETCATALOG_COMPILER_APPICON_NAME = AppIcon;
				ASSETCATALOG_COMPILER_GLOBAL_ACCENT_COLOR_NAME = AccentColor;
				CODE_SIGN_STYLE = Automatic;
				CURRENT_PROJECT_VERSION = 1;
				GENERATE_INFOPLIST_FILE = YES;
				INFOPLIST_FILE = BasicUIdemoBTNTXT/Info.plist;
				INFOPLIST_KEY_UIApplicationSupportsIndirectInputEvents = YES;
				INFOPLIST_KEY_UILaunchStoryboardName = LaunchScreen;
				INFOPLIST_KEY_UIMainStoryboardFile = Main;
				INFOPLIST_KEY_UISupportedInterfaceOrientations_iPad = "UIInterfaceOrientationPortrait UIInterfaceOrientationPortraitUpsideDown UIInterfaceOrientationLandscapeLeft UIInterfaceOrientationLandscapeRight";
				INFOPLIST_KEY_UISupportedInterfaceOrientations_iPhone = "UIInterfaceOrientationPortrait UIInterfaceOrientationLandscapeLeft UIInterfaceOrientationLandscapeRight";
				LD_RUNPATH_SEARCH_PATHS = (
					"$(inherited)",
					"@executable_path/Frameworks",
				);
				MARKETING_VERSION = 1.0;
				PRODUCT_BUNDLE_IDENTIFIER = com.mibsoldsdk.BasicUIdemoBTNTXT;
				PRODUCT_NAME = "$(TARGET_NAME)";
				SWIFT_EMIT_LOC_STRINGS = YES;
				SWIFT_VERSION = 5.0;
				TARGETED_DEVICE_FAMILY = "1,2";
			};
			name = Debug;
		};
		184426DA2992470D0034EE02 /* Release */ = {
			isa = XCBuildConfiguration;
			buildSettings = {
				ASSETCATALOG_COMPILER_APPICON_NAME = AppIcon;
				ASSETCATALOG_COMPILER_GLOBAL_ACCENT_COLOR_NAME = AccentColor;
				CODE_SIGN_STYLE = Automatic;
				CURRENT_PROJECT_VERSION = 1;
				GENERATE_INFOPLIST_FILE = YES;
				INFOPLIST_FILE = BasicUIdemoBTNTXT/Info.plist;
				INFOPLIST_KEY_UIApplicationSupportsIndirectInputEvents = YES;
				INFOPLIST_KEY_UILaunchStoryboardName = LaunchScreen;
				INFOPLIST_KEY_UIMainStoryboardFile = Main;
				INFOPLIST_KEY_UISupportedInterfaceOrientations_iPad = "UIInterfaceOrientationPortrait UIInterfaceOrientationPortraitUpsideDown UIInterfaceOrientationLandscapeLeft UIInterfaceOrientationLandscapeRight";
				INFOPLIST_KEY_UISupportedInterfaceOrientations_iPhone = "UIInterfaceOrientationPortrait UIInterfaceOrientationLandscapeLeft UIInterfaceOrientationLandscapeRight";
				LD_RUNPATH_SEARCH_PATHS = (
					"$(inherited)",
					"@executable_path/Frameworks",
				);
				MARKETING_VERSION = 1.0;
				PRODUCT_BUNDLE_IDENTIFIER = com.mibsoldsdk.BasicUIdemoBTNTXT;
				PRODUCT_NAME = "$(TARGET_NAME)";
				SWIFT_EMIT_LOC_STRINGS = YES;
				SWIFT_VERSION = 5.0;
				TARGETED_DEVICE_FAMILY = "1,2";
			};
			name = Release;
		};
		184426DC2992470D0034EE02 /* Debug */ = {
			isa = XCBuildConfiguration;
			buildSettings = {
				ALWAYS_EMBED_SWIFT_STANDARD_LIBRARIES = YES;
				BUNDLE_LOADER = "$(TEST_HOST)";
				CODE_SIGN_STYLE = Automatic;
				CURRENT_PROJECT_VERSION = 1;
				GENERATE_INFOPLIST_FILE = YES;
				IPHONEOS_DEPLOYMENT_TARGET = 15.4;
				MARKETING_VERSION = 1.0;
				PRODUCT_BUNDLE_IDENTIFIER = com.mibsoldsdk.BasicUIdemoBTNTXTTests;
				PRODUCT_NAME = "$(TARGET_NAME)";
				SWIFT_EMIT_LOC_STRINGS = NO;
				SWIFT_VERSION = 5.0;
				TARGETED_DEVICE_FAMILY = "1,2";
				TEST_HOST = "$(BUILT_PRODUCTS_DIR)/BasicUIdemoBTNTXT.app/BasicUIdemoBTNTXT";
			};
			name = Debug;
		};
		184426DD2992470D0034EE02 /* Release */ = {
			isa = XCBuildConfiguration;
			buildSettings = {
				ALWAYS_EMBED_SWIFT_STANDARD_LIBRARIES = YES;
				BUNDLE_LOADER = "$(TEST_HOST)";
				CODE_SIGN_STYLE = Automatic;
				CURRENT_PROJECT_VERSION = 1;
				GENERATE_INFOPLIST_FILE = YES;
				IPHONEOS_DEPLOYMENT_TARGET = 15.4;
				MARKETING_VERSION = 1.0;
				PRODUCT_BUNDLE_IDENTIFIER = com.mibsoldsdk.BasicUIdemoBTNTXTTests;
				PRODUCT_NAME = "$(TARGET_NAME)";
				SWIFT_EMIT_LOC_STRINGS = NO;
				SWIFT_VERSION = 5.0;
				TARGETED_DEVICE_FAMILY = "1,2";
				TEST_HOST = "$(BUILT_PRODUCTS_DIR)/BasicUIdemoBTNTXT.app/BasicUIdemoBTNTXT";
			};
			name = Release;
		};
		184426DF2992470D0034EE02 /* Debug */ = {
			isa = XCBuildConfiguration;
			buildSettings = {
				ALWAYS_EMBED_SWIFT_STANDARD_LIBRARIES = YES;
				CODE_SIGN_STYLE = Automatic;
				CURRENT_PROJECT_VERSION = 1;
				GENERATE_INFOPLIST_FILE = YES;
				MARKETING_VERSION = 1.0;
				PRODUCT_BUNDLE_IDENTIFIER = com.mibsoldsdk.BasicUIdemoBTNTXTUITests;
				PRODUCT_NAME = "$(TARGET_NAME)";
				SWIFT_EMIT_LOC_STRINGS = NO;
				SWIFT_VERSION = 5.0;
				TARGETED_DEVICE_FAMILY = "1,2";
				TEST_TARGET_NAME = BasicUIdemoBTNTXT;
			};
			name = Debug;
		};
		184426E02992470D0034EE02 /* Release */ = {
			isa = XCBuildConfiguration;
			buildSettings = {
				ALWAYS_EMBED_SWIFT_STANDARD_LIBRARIES = YES;
				CODE_SIGN_STYLE = Automatic;
				CURRENT_PROJECT_VERSION = 1;
				GENERATE_INFOPLIST_FILE = YES;
				MARKETING_VERSION = 1.0;
				PRODUCT_BUNDLE_IDENTIFIER = com.mibsoldsdk.BasicUIdemoBTNTXTUITests;
				PRODUCT_NAME = "$(TARGET_NAME)";
				SWIFT_EMIT_LOC_STRINGS = NO;
				SWIFT_VERSION = 5.0;
				TARGETED_DEVICE_FAMILY = "1,2";
				TEST_TARGET_NAME = BasicUIdemoBTNTXT;
			};
			name = Release;
		};
/* End XCBuildConfiguration section */

/* Begin XCConfigurationList section */
		184426A9299247070034EE02 /* Build configuration list for PBXProject "BasicUIdemoBTNTXT" */ = {
			isa = XCConfigurationList;
			buildConfigurations = (
				184426D62992470D0034EE02 /* Debug */,
				184426D72992470D0034EE02 /* Release */,
			);
			defaultConfigurationIsVisible = 0;
			defaultConfigurationName = Release;
		};
		184426D82992470D0034EE02 /* Build configuration list for PBXNativeTarget "BasicUIdemoBTNTXT" */ = {
			isa = XCConfigurationList;
			buildConfigurations = (
				184426D92992470D0034EE02 /* Debug */,
				184426DA2992470D0034EE02 /* Release */,
			);
			defaultConfigurationIsVisible = 0;
			defaultConfigurationName = Release;
		};
		184426DB2992470D0034EE02 /* Build configuration list for PBXNativeTarget "BasicUIdemoBTNTXTTests" */ = {
			isa = XCConfigurationList;
			buildConfigurations = (
				184426DC2992470D0034EE02 /* Debug */,
				184426DD2992470D0034EE02 /* Release */,
			);
			defaultConfigurationIsVisible = 0;
			defaultConfigurationName = Release;
		};
		184426DE2992470D0034EE02 /* Build configuration list for PBXNativeTarget "BasicUIdemoBTNTXTUITests" */ = {
			isa = XCConfigurationList;
			buildConfigurations = (
				184426DF2992470D0034EE02 /* Debug */,
				184426E02992470D0034EE02 /* Release */,
			);
			defaultConfigurationIsVisible = 0;
			defaultConfigurationName = Release;
		};
/* End XCConfigurationList section */
	};
	rootObject = 184426A6299247070034EE02 /* Project object */;
}
